{
  "name": "@competencegroup/redux-oidc-es6",
  "version": "1.1.10",
  "lockfileVersion": 2,
  "requires": true,
  "packages": {
    "": {
      "name": "@competencegroup/redux-oidc-es6",
      "version": "1.1.10",
      "license": "MIT",
      "dependencies": {
        "@competencegroup/oidc-client": "1.12.1"
      }
    },
    "node_modules/@competencegroup/oidc-client": {
      "version": "1.12.1",
      "resolved": "https://pkgs.dev.azure.com/sdbayton/SDB/_packaging/SDB_Learning/npm/registry/@competencegroup/oidc-client/-/oidc-client-1.12.1.tgz",
      "integrity": "sha1-++dRBSYvswXWJiLDAs2M1oXZkMs=",
      "license": "Apache-2.0",
      "dependencies": {
        "acorn": "^8.16.0",
        "base64-js": "^1.5.1",
        "core-js": "^3.48.0",
        "crypto-js": "^4.2.0",
        "serialize-javascript": "^7.0.4"
      }
    },
    "node_modules/acorn": {
      "version": "8.16.0",
      "resolved": "https://registry.npmjs.org/acorn/-/acorn-8.16.0.tgz",
      "integrity": "sha512-UVJyE9MttOsBQIDKw1skb9nAwQuR5wuGD3+82K6JgJlm/Y+KI92oNsMNGZCYdDsVtRHSak0pcV5Dno5+4jh9sw==",
      "license": "MIT",
      "bin": {
        "acorn": "bin/acorn"
      },
      "engines": {
        "node": ">=0.4.0"
      }
    },
    "node_modules/base64-js": {
      "version": "1.5.1",
      "resolved": "https://registry.npmjs.org/base64-js/-/base64-js-1.5.1.tgz",
      "integrity": "sha512-AKpaYlHn8t4SVbOHCy+b5+KKgvR4vrsD8vbvrbiQJps7fKDTkjkDry6ji0rUJjC0kzbNePLwzxq8iypo41qeWA==",
      "funding": [
        {
          "type": "github",
          "url": "https://github.com/sponsors/feross"
        },
        {
          "type": "patreon",
          "url": "https://www.patreon.com/feross"
        },
        {
          "type": "consulting",
          "url": "https://feross.org/support"
        }
      ],
      "license": "MIT"
    },
    "node_modules/core-js": {
      "version": "3.48.0",
      "resolved": "https://registry.npmjs.org/core-js/-/core-js-3.48.0.tgz",
      "integrity": "sha512-zpEHTy1fjTMZCKLHUZoVeylt9XrzaIN2rbPXEt0k+q7JE5CkCZdo6bNq55bn24a69CH7ErAVLKijxJja4fw+UQ==",
      "hasInstallScript": true,
      "license": "MIT",
      "funding": {
        "type": "opencollective",
        "url": "https://opencollective.com/core-js"
      }
    },
    "node_modules/crypto-js": {
      "version": "4.2.0",
      "resolved": "https://registry.npmjs.org/crypto-js/-/crypto-js-4.2.0.tgz",
      "integrity": "sha512-KALDyEYgpY+Rlob/iriUtjV6d5Eq+Y191A5g4UqLAi8CyGP9N1+FdVbkc1SxKc2r4YAYqG8JzO2KGL+AizD70Q==",
      "license": "MIT"
    },
    "node_modules/serialize-javascript": {
      "version": "7.0.5",
      "resolved": "https://registry.npmjs.org/serialize-javascript/-/serialize-javascript-7.0.5.tgz",
      "integrity": "sha512-F4LcB0UqUl1zErq+1nYEEzSHJnIwb3AF2XWB94b+afhrekOUijwooAYqFyRbjYkm2PAKBabx6oYv/xDxNi8IBw==",
      "engines": {
        "node": ">=20.0.0"
      }
    }
  },
  "dependencies": {
    "@competencegroup/oidc-client": {
      "version": "1.12.1",
      "resolved": "https://pkgs.dev.azure.com/sdbayton/SDB/_packaging/SDB_Learning/npm/registry/@competencegroup/oidc-client/-/oidc-client-1.12.1.tgz",
      "integrity": "sha1-++dRBSYvswXWJiLDAs2M1oXZkMs=",
      "requires": {
        "acorn": "^8.16.0",
        "base64-js": "^1.5.1",
        "core-js": "^3.48.0",
        "crypto-js": "^4.2.0",
        "serialize-javascript": "^7.0.4"
      }
    },
    "acorn": {
      "version": "8.16.0",
      "resolved": "https://registry.npmjs.org/acorn/-/acorn-8.16.0.tgz",
      "integrity": "sha512-UVJyE9MttOsBQIDKw1skb9nAwQuR5wuGD3+82K6JgJlm/Y+KI92oNsMNGZCYdDsVtRHSak0pcV5Dno5+4jh9sw=="
    },
    "base64-js": {
      "version": "1.5.1",
      "resolved": "https://registry.npmjs.org/base64-js/-/base64-js-1.5.1.tgz",
      "integrity": "sha512-AKpaYlHn8t4SVbOHCy+b5+KKgvR4vrsD8vbvrbiQJps7fKDTkjkDry6ji0rUJjC0kzbNePLwzxq8iypo41qeWA=="
    },
    "core-js": {
      "version": "3.48.0",
      "resolved": "https://registry.npmjs.org/core-js/-/core-js-3.48.0.tgz",
      "integrity": "sha512-zpEHTy1fjTMZCKLHUZoVeylt9XrzaIN2rbPXEt0k+q7JE5CkCZdo6bNq55bn24a69CH7ErAVLKijxJja4fw+UQ=="
    },
    "crypto-js": {
      "version": "4.2.0",
      "resolved": "https://registry.npmjs.org/crypto-js/-/crypto-js-4.2.0.tgz",
      "integrity": "sha512-KALDyEYgpY+Rlob/iriUtjV6d5Eq+Y191A5g4UqLAi8CyGP9N1+FdVbkc1SxKc2r4YAYqG8JzO2KGL+AizD70Q=="
    },
    "serialize-javascript": {
      "version": "7.0.5",
      "resolved": "https://registry.npmjs.org/serialize-javascript/-/serialize-javascript-7.0.5.tgz",
      "integrity": "sha512-F4LcB0UqUl1zErq+1nYEEzSHJnIwb3AF2XWB94b+afhrekOUijwooAYqFyRbjYkm2PAKBabx6oYv/xDxNi8IBw=="
    }
  }
}
