# THIS IS AN AUTOGENERATED FILE. DO NOT EDIT THIS FILE DIRECTLY.
# yarn lockfile v1


acorn@^7.4.1:
  version "7.4.1"
  resolved "https://registry.npmjs.org/acorn/-/acorn-7.4.1.tgz"

base64-js@^1.5.1:
  version "1.5.1"
  resolved "https://registry.npmjs.org/base64-js/-/base64-js-1.5.1.tgz"

core-js@^3.8.3:
  version "3.22.5"
  resolved "https://registry.npmjs.org/core-js/-/core-js-3.22.5.tgz"

crypto-js@^4.0.0:
  version "4.2.0"
  resolved "https://registry.yarnpkg.com/crypto-js/-/crypto-js-4.2.0.tgz#4d931639ecdfd12ff80e8186dba6af2c2e856631"

oidc-client@~1.11.5:
  version "1.11.5"
  resolved "https://registry.npmjs.org/oidc-client/-/oidc-client-1.11.5.tgz"
  dependencies:
    acorn "^7.4.1"
    base64-js "^1.5.1"
    core-js "^3.8.3"
    crypto-js "^4.0.0"
    serialize-javascript "^4.0.0"

randombytes@^2.1.0:
  version "2.1.0"
  resolved "https://registry.npmjs.org/randombytes/-/randombytes-2.1.0.tgz"
  dependencies:
    safe-buffer "^5.1.0"

safe-buffer@^5.1.0:
  version "5.2.1"
  resolved "https://registry.npmjs.org/safe-buffer/-/safe-buffer-5.2.1.tgz"

serialize-javascript@^4.0.0:
  version "4.0.0"
  resolved "https://registry.npmjs.org/serialize-javascript/-/serialize-javascript-4.0.0.tgz"
  dependencies:
    randombytes "^2.1.0"
